
Microsoft Visual Studio Solution File, Format Version 12.00
# Visual Studio Version 17
VisualStudioVersion = 17.14.36603.0 d17.14
MinimumVisualStudioVersion = 10.0.40219.1
Project("{FAE04EC0-301F-11D3-BF4B-00C04F79EFBC}") = "ICE10A", "ICE10A\ICE10A.csproj", "{9B939041-CA5B-4895-94B4-1F0AC627894B}"
EndProject
Global
	GlobalSection(SolutionConfigurationPlatforms) = preSolution
		Debug|Any CPU = Debug|Any CPU
		Release|Any CPU = Release|Any CPU
	EndGlobalSection
	GlobalSection(ProjectConfigurationPlatforms) = postSolution
		{9B939041-CA5B-4895-94B4-1F0AC627894B}.Debug|Any CPU.ActiveCfg = Debug|Any CPU
		{9B939041-CA5B-4895-94B4-1F0AC627894B}.Debug|Any CPU.Build.0 = Debug|Any CPU
		{9B939041-CA5B-4895-94B4-1F0AC627894B}.Release|Any CPU.ActiveCfg = Release|Any CPU
		{9B939041-CA5B-4895-94B4-1F0AC627894B}.Release|Any CPU.Build.0 = Release|Any CPU
	EndGlobalSection
	GlobalSection(SolutionProperties) = preSolution
		HideSolutionNode = FALSE
	EndGlobalSection
	GlobalSection(ExtensibilityGlobals) = postSolution
		SolutionGuid = {0582B096-0D05-4C24-B42E-B7FC8C883544}
	EndGlobalSection
EndGlobal
